
Microsoft Visual Studio Solution File, Format Version 12.00
# Visual Studio Version 17
VisualStudioVersion = 17.4.33213.308
MinimumVisualStudioVersion = 10.0.40219.1
Project("{FAE04EC0-301F-11D3-BF4B-00C04F79EFBC}") = "practica11_12_zad2_3", "practica11_12_zad2_3\practica11_12_zad2_3.csproj", "{2D651B38-58BD-49ED-9C32-4088C1588875}"
EndProject
Global
	GlobalSection(SolutionConfigurationPlatforms) = preSolution
		Debug|Any CPU = Debug|Any CPU
		Release|Any CPU = Release|Any CPU
	EndGlobalSection
	GlobalSection(ProjectConfigurationPlatforms) = postSolution
		{2D651B38-58BD-49ED-9C32-4088C1588875}.Debug|Any CPU.ActiveCfg = Debug|Any CPU
		{2D651B38-58BD-49ED-9C32-4088C1588875}.Debug|Any CPU.Build.0 = Debug|Any CPU
		{2D651B38-58BD-49ED-9C32-4088C1588875}.Release|Any CPU.ActiveCfg = Release|Any CPU
		{2D651B38-58BD-49ED-9C32-4088C1588875}.Release|Any CPU.Build.0 = Release|Any CPU
	EndGlobalSection
	GlobalSection(SolutionProperties) = preSolution
		HideSolutionNode = FALSE
	EndGlobalSection
	GlobalSection(ExtensibilityGlobals) = postSolution
		SolutionGuid = {D5DCDADA-C81A-4FC9-97D6-6F05C9589AD6}
	EndGlobalSection
EndGlobal
