
Microsoft Visual Studio Solution File, Format Version 12.00
# Visual Studio Version 17
VisualStudioVersion = 17.4.33213.308
MinimumVisualStudioVersion = 10.0.40219.1
Project("{FAE04EC0-301F-11D3-BF4B-00C04F79EFBC}") = "zad3", "zad3\zad3.csproj", "{7FC93D53-0BB8-40FE-879F-FB2874F87102}"
EndProject
Global
	GlobalSection(SolutionConfigurationPlatforms) = preSolution
		Debug|Any CPU = Debug|Any CPU
		Release|Any CPU = Release|Any CPU
	EndGlobalSection
	GlobalSection(ProjectConfigurationPlatforms) = postSolution
		{7FC93D53-0BB8-40FE-879F-FB2874F87102}.Debug|Any CPU.ActiveCfg = Debug|Any CPU
		{7FC93D53-0BB8-40FE-879F-FB2874F87102}.Debug|Any CPU.Build.0 = Debug|Any CPU
		{7FC93D53-0BB8-40FE-879F-FB2874F87102}.Release|Any CPU.ActiveCfg = Release|Any CPU
		{7FC93D53-0BB8-40FE-879F-FB2874F87102}.Release|Any CPU.Build.0 = Release|Any CPU
	EndGlobalSection
	GlobalSection(SolutionProperties) = preSolution
		HideSolutionNode = FALSE
	EndGlobalSection
	GlobalSection(ExtensibilityGlobals) = postSolution
		SolutionGuid = {2006C06F-105A-4F77-8A46-9AB1A378174C}
	EndGlobalSection
EndGlobal
